
Microsoft Visual Studio Solution File, Format Version 12.00
# Visual Studio Version 17
VisualStudioVersion = 17.6.33712.159
MinimumVisualStudioVersion = 10.0.40219.1
Project("{FAE04EC0-301F-11D3-BF4B-00C04F79EFBC}") = "Fractureiser", "Fractureiser.csproj", "{15D24568-1832-4360-818C-2B9B72F75D39}"
EndProject
Global
	GlobalSection(SolutionConfigurationPlatforms) = preSolution
		Debug|Any CPU = Debug|Any CPU
		Release|Any CPU = Release|Any CPU
	EndGlobalSection
	GlobalSection(ProjectConfigurationPlatforms) = postSolution
		{15D24568-1832-4360-818C-2B9B72F75D39}.Debug|Any CPU.ActiveCfg = Debug|Any CPU
		{15D24568-1832-4360-818C-2B9B72F75D39}.Debug|Any CPU.Build.0 = Debug|Any CPU
		{15D24568-1832-4360-818C-2B9B72F75D39}.Release|Any CPU.ActiveCfg = Release|Any CPU
		{15D24568-1832-4360-818C-2B9B72F75D39}.Release|Any CPU.Build.0 = Release|Any CPU
	EndGlobalSection
	GlobalSection(SolutionProperties) = preSolution
		HideSolutionNode = FALSE
	EndGlobalSection
	GlobalSection(ExtensibilityGlobals) = postSolution
		SolutionGuid = {1E17EC39-C686-4720-9E63-5DBC8CF8EA08}
	EndGlobalSection
EndGlobal
